
Microsoft Visual Studio Solution File, Format Version 12.00
# Visual Studio Version 17
VisualStudioVersion = 17.4.33205.214
MinimumVisualStudioVersion = 10.0.40219.1
Project("{888888A0-9F3D-457C-B088-3A5042F75D52}") = "B9lapsed", "B9lapsed.pyproj", "{A5E73028-3428-4D36-8787-D0B2FC2C2C9A}"
EndProject
Global
	GlobalSection(SolutionConfigurationPlatforms) = preSolution
		Debug|Any CPU = Debug|Any CPU
		Release|Any CPU = Release|Any CPU
	EndGlobalSection
	GlobalSection(ProjectConfigurationPlatforms) = postSolution
		{A5E73028-3428-4D36-8787-D0B2FC2C2C9A}.Debug|Any CPU.ActiveCfg = Debug|Any CPU
		{A5E73028-3428-4D36-8787-D0B2FC2C2C9A}.Release|Any CPU.ActiveCfg = Release|Any CPU
	EndGlobalSection
	GlobalSection(SolutionProperties) = preSolution
		HideSolutionNode = FALSE
	EndGlobalSection
	GlobalSection(ExtensibilityGlobals) = postSolution
		SolutionGuid = {CD792906-6E74-4559-B58F-8EE82058CAB1}
	EndGlobalSection
EndGlobal
